
Microsoft Visual Studio Solution File, Format Version 12.00
# Visual Studio Version 17
VisualStudioVersion = 17.11.35222.181
MinimumVisualStudioVersion = 10.0.40219.1
Project("{FAE04EC0-301F-11D3-BF4B-00C04F79EFBC}") = "Ass1gnment", "Ass1gnment.csproj", "{2A68CF31-5E00-4984-89B5-E7596A3D41FE}"
EndProject
Global
	GlobalSection(SolutionConfigurationPlatforms) = preSolution
		Debug|Any CPU = Debug|Any CPU
		Release|Any CPU = Release|Any CPU
	EndGlobalSection
	GlobalSection(ProjectConfigurationPlatforms) = postSolution
		{2A68CF31-5E00-4984-89B5-E7596A3D41FE}.Debug|Any CPU.ActiveCfg = Debug|Any CPU
		{2A68CF31-5E00-4984-89B5-E7596A3D41FE}.Debug|Any CPU.Build.0 = Debug|Any CPU
		{2A68CF31-5E00-4984-89B5-E7596A3D41FE}.Release|Any CPU.ActiveCfg = Release|Any CPU
		{2A68CF31-5E00-4984-89B5-E7596A3D41FE}.Release|Any CPU.Build.0 = Release|Any CPU
	EndGlobalSection
	GlobalSection(SolutionProperties) = preSolution
		HideSolutionNode = FALSE
	EndGlobalSection
	GlobalSection(ExtensibilityGlobals) = postSolution
		SolutionGuid = {B39BA9E8-9FA9-436B-ACA5-38DDE033B872}
	EndGlobalSection
EndGlobal
